
Microsoft Visual Studio Solution File, Format Version 12.00
# Visual Studio 15
VisualStudioVersion = 15.0.28307.1401
MinimumVisualStudioVersion = 10.0.40219.1
Project("{FAE04EC0-301F-11D3-BF4B-00C04F79EFBC}") = "Hopita_Ibn_Sina_Management", "Hopita_Ibn_Sina_Management\Hopita_Ibn_Sina_Management.csproj", "{ACBC3610-925D-4B76-A416-BD082F60BAC7}"
EndProject
Global
	GlobalSection(SolutionConfigurationPlatforms) = preSolution
		Debug|Any CPU = Debug|Any CPU
		Release|Any CPU = Release|Any CPU
	EndGlobalSection
	GlobalSection(ProjectConfigurationPlatforms) = postSolution
		{ACBC3610-925D-4B76-A416-BD082F60BAC7}.Debug|Any CPU.ActiveCfg = Debug|Any CPU
		{ACBC3610-925D-4B76-A416-BD082F60BAC7}.Debug|Any CPU.Build.0 = Debug|Any CPU
		{ACBC3610-925D-4B76-A416-BD082F60BAC7}.Release|Any CPU.ActiveCfg = Release|Any CPU
		{ACBC3610-925D-4B76-A416-BD082F60BAC7}.Release|Any CPU.Build.0 = Release|Any CPU
	EndGlobalSection
	GlobalSection(SolutionProperties) = preSolution
		HideSolutionNode = FALSE
	EndGlobalSection
	GlobalSection(ExtensibilityGlobals) = postSolution
		SolutionGuid = {ED0FBAFB-33C5-4C6D-91BA-C16BA7095848}
	EndGlobalSection
EndGlobal
